
Microsoft Visual Studio Solution File, Format Version 12.00
Project("{FAE04EC0-301F-11D3-BF4B-00C04F79EFBC}") = "Ptest1", "Ptest1\Ptest1.csproj", "{F8105B9C-0645-478A-85B4-A4F8491C882A}"
EndProject
Global
	GlobalSection(SolutionConfigurationPlatforms) = preSolution
		Debug|Any CPU = Debug|Any CPU
		Release|Any CPU = Release|Any CPU
	EndGlobalSection
	GlobalSection(ProjectConfigurationPlatforms) = postSolution
		{F8105B9C-0645-478A-85B4-A4F8491C882A}.Debug|Any CPU.ActiveCfg = Debug|Any CPU
		{F8105B9C-0645-478A-85B4-A4F8491C882A}.Debug|Any CPU.Build.0 = Debug|Any CPU
		{F8105B9C-0645-478A-85B4-A4F8491C882A}.Release|Any CPU.ActiveCfg = Release|Any CPU
		{F8105B9C-0645-478A-85B4-A4F8491C882A}.Release|Any CPU.Build.0 = Release|Any CPU
	EndGlobalSection
EndGlobal
